
Microsoft Visual Studio Solution File, Format Version 12.00
# Visual Studio Version 16
VisualStudioVersion = 16.0.32407.337
MinimumVisualStudioVersion = 10.0.40219.1
Project("{FAE04EC0-301F-11D3-BF4B-00C04F79EFBC}") = "Game_quest", "Game_quest\Game_quest.csproj", "{BE99604A-A0B9-4163-9315-C2FEF7EB8232}"
EndProject
Global
	GlobalSection(SolutionConfigurationPlatforms) = preSolution
		Debug|Any CPU = Debug|Any CPU
		Release|Any CPU = Release|Any CPU
	EndGlobalSection
	GlobalSection(ProjectConfigurationPlatforms) = postSolution
		{BE99604A-A0B9-4163-9315-C2FEF7EB8232}.Debug|Any CPU.ActiveCfg = Debug|Any CPU
		{BE99604A-A0B9-4163-9315-C2FEF7EB8232}.Debug|Any CPU.Build.0 = Debug|Any CPU
		{BE99604A-A0B9-4163-9315-C2FEF7EB8232}.Release|Any CPU.ActiveCfg = Release|Any CPU
		{BE99604A-A0B9-4163-9315-C2FEF7EB8232}.Release|Any CPU.Build.0 = Release|Any CPU
	EndGlobalSection
	GlobalSection(SolutionProperties) = preSolution
		HideSolutionNode = FALSE
	EndGlobalSection
	GlobalSection(ExtensibilityGlobals) = postSolution
		SolutionGuid = {E8B0E12A-4139-4D00-88A3-AAC74D8BD768}
	EndGlobalSection
EndGlobal
